
Microsoft Visual Studio Solution File, Format Version 12.00
# Visual Studio 15
VisualStudioVersion = 15.0.27428.2002
MinimumVisualStudioVersion = 10.0.40219.1
Project("{FAE04EC0-301F-11D3-BF4B-00C04F79EFBC}") = "V2RayGCon", "V2RayGCon\V2RayGCon.csproj", "{7B799000-E68F-450F-84AF-5EC9A5EFF384}"
EndProject
Project("{FAE04EC0-301F-11D3-BF4B-00C04F79EFBC}") = "V2RayGConTest", "V2RayGCon.Test\V2RayGConTest.csproj", "{AF050080-15FD-4196-9466-89113DED54DC}"
EndProject
Project("{FAE04EC0-301F-11D3-BF4B-00C04F79EFBC}") = "VgcApis", "VgcApis\VgcApis.csproj", "{B3CF9873-AFBC-4703-8A3B-06D39FD761B9}"
EndProject
Global
	GlobalSection(SolutionConfigurationPlatforms) = preSolution
		Debug|Any CPU = Debug|Any CPU
		Release|Any CPU = Release|Any CPU
	EndGlobalSection
	GlobalSection(ProjectConfigurationPlatforms) = postSolution
		{7B799000-E68F-450F-84AF-5EC9A5EFF384}.Debug|Any CPU.ActiveCfg = Debug|Any CPU
		{7B799000-E68F-450F-84AF-5EC9A5EFF384}.Debug|Any CPU.Build.0 = Debug|Any CPU
		{7B799000-E68F-450F-84AF-5EC9A5EFF384}.Release|Any CPU.ActiveCfg = Release|Any CPU
		{7B799000-E68F-450F-84AF-5EC9A5EFF384}.Release|Any CPU.Build.0 = Release|Any CPU
		{AF050080-15FD-4196-9466-89113DED54DC}.Debug|Any CPU.ActiveCfg = Debug|Any CPU
		{AF050080-15FD-4196-9466-89113DED54DC}.Debug|Any CPU.Build.0 = Debug|Any CPU
		{AF050080-15FD-4196-9466-89113DED54DC}.Release|Any CPU.ActiveCfg = Release|Any CPU
		{AF050080-15FD-4196-9466-89113DED54DC}.Release|Any CPU.Build.0 = Release|Any CPU
		{B3CF9873-AFBC-4703-8A3B-06D39FD761B9}.Debug|Any CPU.ActiveCfg = Debug|Any CPU
		{B3CF9873-AFBC-4703-8A3B-06D39FD761B9}.Debug|Any CPU.Build.0 = Debug|Any CPU
		{B3CF9873-AFBC-4703-8A3B-06D39FD761B9}.Release|Any CPU.ActiveCfg = Release|Any CPU
		{B3CF9873-AFBC-4703-8A3B-06D39FD761B9}.Release|Any CPU.Build.0 = Release|Any CPU
	EndGlobalSection
	GlobalSection(SolutionProperties) = preSolution
		HideSolutionNode = FALSE
	EndGlobalSection
	GlobalSection(ExtensibilityGlobals) = postSolution
		SolutionGuid = {08E9C5F7-B4F0-4978-BD02-6F1FF74A184A}
	EndGlobalSection
EndGlobal
